# THIS IS AN AUTOGENERATED FILE. DO NOT EDIT THIS FILE DIRECTLY.
# yarn lockfile v1


fullcalendar@^5.5.1:
  version "5.5.1"
  resolved "https://registry.yarnpkg.com/fullcalendar/-/fullcalendar-5.5.1.tgz#f72a5828473b012d80b558ff80ccb606d07e4baf"
  integrity sha512-QNo4RPm7uvboCkqFEANH0dvYidwlsDzQ4ErMHZjNwLnFOqm+StkIW1K5w82fEyOvznItwyAigrdkSCh2ZUd0JQ==
